
Microsoft Visual Studio Solution File, Format Version 12.00
# Visual Studio Version 17
VisualStudioVersion = 17.10.35122.118
MinimumVisualStudioVersion = 10.0.40219.1
Project("{9A19103F-16F7-4668-BE54-9A1E7A4F7556}") = "PlatosApp", "PlatosApp\PlatosApp.csproj", "{E16C9089-2B9B-464E-B4B9-E0B812863E49}"
EndProject
Project("{FAE04EC0-301F-11D3-BF4B-00C04F79EFBC}") = "PlatosApi", "PlatosApi\PlatosApi.csproj", "{7964DEE7-8149-42BE-BD1D-BF79FF4507B2}"
EndProject
Global
	GlobalSection(SolutionConfigurationPlatforms) = preSolution
		Debug|Any CPU = Debug|Any CPU
		Release|Any CPU = Release|Any CPU
	EndGlobalSection
	GlobalSection(ProjectConfigurationPlatforms) = postSolution
		{E16C9089-2B9B-464E-B4B9-E0B812863E49}.Debug|Any CPU.ActiveCfg = Debug|Any CPU
		{E16C9089-2B9B-464E-B4B9-E0B812863E49}.Debug|Any CPU.Build.0 = Debug|Any CPU
		{E16C9089-2B9B-464E-B4B9-E0B812863E49}.Debug|Any CPU.Deploy.0 = Debug|Any CPU
		{E16C9089-2B9B-464E-B4B9-E0B812863E49}.Release|Any CPU.ActiveCfg = Release|Any CPU
		{E16C9089-2B9B-464E-B4B9-E0B812863E49}.Release|Any CPU.Build.0 = Release|Any CPU
		{E16C9089-2B9B-464E-B4B9-E0B812863E49}.Release|Any CPU.Deploy.0 = Release|Any CPU
		{7964DEE7-8149-42BE-BD1D-BF79FF4507B2}.Debug|Any CPU.ActiveCfg = Debug|Any CPU
		{7964DEE7-8149-42BE-BD1D-BF79FF4507B2}.Debug|Any CPU.Build.0 = Debug|Any CPU
		{7964DEE7-8149-42BE-BD1D-BF79FF4507B2}.Release|Any CPU.ActiveCfg = Release|Any CPU
		{7964DEE7-8149-42BE-BD1D-BF79FF4507B2}.Release|Any CPU.Build.0 = Release|Any CPU
	EndGlobalSection
	GlobalSection(SolutionProperties) = preSolution
		HideSolutionNode = FALSE
	EndGlobalSection
	GlobalSection(ExtensibilityGlobals) = postSolution
		SolutionGuid = {0D1ED541-0C55-4B85-99FD-9432691D1EF2}
	EndGlobalSection
EndGlobal
